
Microsoft Visual Studio Solution File, Format Version 12.00
# Visual Studio Version 17
VisualStudioVersion = 17.5.33516.290
MinimumVisualStudioVersion = 10.0.40219.1
Project("{FAE04EC0-301F-11D3-BF4B-00C04F79EFBC}") = "POO_HerPoliAbst", "POO_HerPoliAbst\POO_HerPoliAbst.csproj", "{376E466C-9340-4B78-A21B-2F76F1C82975}"
EndProject
Project("{FAE04EC0-301F-11D3-BF4B-00C04F79EFBC}") = "POO_Interface", "..\POO_Interface\POO_Interface\POO_Interface.csproj", "{594F03FC-332C-4D6F-8E92-B017F4F806CC}"
EndProject
Global
	GlobalSection(SolutionConfigurationPlatforms) = preSolution
		Debug|Any CPU = Debug|Any CPU
		Release|Any CPU = Release|Any CPU
	EndGlobalSection
	GlobalSection(ProjectConfigurationPlatforms) = postSolution
		{376E466C-9340-4B78-A21B-2F76F1C82975}.Debug|Any CPU.ActiveCfg = Debug|Any CPU
		{376E466C-9340-4B78-A21B-2F76F1C82975}.Debug|Any CPU.Build.0 = Debug|Any CPU
		{376E466C-9340-4B78-A21B-2F76F1C82975}.Release|Any CPU.ActiveCfg = Release|Any CPU
		{376E466C-9340-4B78-A21B-2F76F1C82975}.Release|Any CPU.Build.0 = Release|Any CPU
		{594F03FC-332C-4D6F-8E92-B017F4F806CC}.Debug|Any CPU.ActiveCfg = Debug|Any CPU
		{594F03FC-332C-4D6F-8E92-B017F4F806CC}.Debug|Any CPU.Build.0 = Debug|Any CPU
		{594F03FC-332C-4D6F-8E92-B017F4F806CC}.Release|Any CPU.ActiveCfg = Release|Any CPU
		{594F03FC-332C-4D6F-8E92-B017F4F806CC}.Release|Any CPU.Build.0 = Release|Any CPU
	EndGlobalSection
	GlobalSection(SolutionProperties) = preSolution
		HideSolutionNode = FALSE
	EndGlobalSection
	GlobalSection(ExtensibilityGlobals) = postSolution
		SolutionGuid = {C46F8F08-E4D8-4AD7-8949-D0B7620E84BC}
	EndGlobalSection
EndGlobal
